# This file is automatically @generated by Cargo.
# It is not intended for manual editing.
version = 3

[[package]]
name = "evalexpr"
version = "6.6.0"
source = "registry+https://github.com/rust-lang/crates.io-index"
checksum = "cfc25fd417983cc7f203394ebb89eba18e2df1b0ac1be2673091b5aca52b595f"

[[package]]
name = "evalexpr-port"
version = "0.1.0"
dependencies = [
 "evalexpr",
 "paste",
]

[[package]]
name = "paste"
version = "1.0.11"
source = "registry+https://github.com/rust-lang/crates.io-index"
checksum = "d01a5bd0424d00070b0098dd17ebca6f961a959dead1dbcbbbc1d1cd8d3deeba"
